
Microsoft Visual Studio Solution File, Format Version 12.00
# Visual Studio 15
VisualStudioVersion = 15.0.27703.2000
MinimumVisualStudioVersion = 10.0.40219.1
Project("{FAE04EC0-301F-11D3-BF4B-00C04F79EFBC}") = "HRCommunity.Android", "HRCommunity\HRCommunity.Android\HRCommunity.Android.csproj", "{5ED23BA6-C7C1-4207-BECB-0AE66DC7ED2E}"
EndProject
Project("{D954291E-2A0B-460D-934E-DC6B0785DB48}") = "HRCommunity", "HRCommunity\HRCommunity\HRCommunity.shproj", "{94BB704B-E417-422A-A760-0DE13B5F2732}"
EndProject
Global
	GlobalSection(SharedMSBuildProjectFiles) = preSolution
		HRCommunity\HRCommunity\HRCommunity.projitems*{5ed23ba6-c7c1-4207-becb-0ae66dc7ed2e}*SharedItemsImports = 4
		HRCommunity\HRCommunity\HRCommunity.projitems*{94bb704b-e417-422a-a760-0de13b5f2732}*SharedItemsImports = 13
	EndGlobalSection
	GlobalSection(SolutionConfigurationPlatforms) = preSolution
		Debug|Any CPU = Debug|Any CPU
		Release|Any CPU = Release|Any CPU
	EndGlobalSection
	GlobalSection(ProjectConfigurationPlatforms) = postSolution
		{5ED23BA6-C7C1-4207-BECB-0AE66DC7ED2E}.Debug|Any CPU.ActiveCfg = Debug|Any CPU
		{5ED23BA6-C7C1-4207-BECB-0AE66DC7ED2E}.Debug|Any CPU.Build.0 = Debug|Any CPU
		{5ED23BA6-C7C1-4207-BECB-0AE66DC7ED2E}.Debug|Any CPU.Deploy.0 = Debug|Any CPU
		{5ED23BA6-C7C1-4207-BECB-0AE66DC7ED2E}.Release|Any CPU.ActiveCfg = Release|Any CPU
		{5ED23BA6-C7C1-4207-BECB-0AE66DC7ED2E}.Release|Any CPU.Build.0 = Release|Any CPU
		{5ED23BA6-C7C1-4207-BECB-0AE66DC7ED2E}.Release|Any CPU.Deploy.0 = Release|Any CPU
	EndGlobalSection
	GlobalSection(SolutionProperties) = preSolution
		HideSolutionNode = FALSE
	EndGlobalSection
	GlobalSection(ExtensibilityGlobals) = postSolution
		SolutionGuid = {1EDE81CA-1700-4CC9-B6D1-868CD3E5205D}
	EndGlobalSection
EndGlobal
